
Microsoft Visual Studio Solution File, Format Version 12.00
# Visual Studio Version 17
VisualStudioVersion = 17.0.31903.59
MinimumVisualStudioVersion = 10.0.40219.1
Project("{2150E333-8FDC-42A3-9474-1A3956D46DE8}") = "Solution Items", "Solution Items", "{6FBC42DB-B833-44F1-996E-48B66CA89F1E}"
	ProjectSection(SolutionItems) = preProject
		.editorconfig = .editorconfig
	EndProjectSection
EndProject
Project("{FAE04EC0-301F-11D3-BF4B-00C04F79EFBC}") = "BeachApplication", "src\BeachApplication\BeachApplication.csproj", "{40DCD31B-FC26-40AE-8573-52E4362239DB}"
EndProject
Project("{FAE04EC0-301F-11D3-BF4B-00C04F79EFBC}") = "BeachApplication.BusinessLayer", "src\BeachApplication.BusinessLayer\BeachApplication.BusinessLayer.csproj", "{6E971CE8-FE7A-4022-95FB-72D42A7BD5CA}"
EndProject
Project("{FAE04EC0-301F-11D3-BF4B-00C04F79EFBC}") = "BeachApplication.Authentication", "src\BeachApplication.Authentication\BeachApplication.Authentication.csproj", "{C8E7B3AA-963E-4DE0-9377-8CE114CBCDC1}"
EndProject
Project("{FAE04EC0-301F-11D3-BF4B-00C04F79EFBC}") = "BeachApplication.DataAccessLayer", "src\BeachApplication.DataAccessLayer\BeachApplication.DataAccessLayer.csproj", "{DD585C7F-46D6-47ED-BF80-4A2B2660351A}"
EndProject
Project("{FAE04EC0-301F-11D3-BF4B-00C04F79EFBC}") = "BeachApplication.Contracts", "src\BeachApplication.Contracts\BeachApplication.Contracts.csproj", "{E43D3453-FAA8-440E-8EA4-8D0D0CE1C0BD}"
EndProject
Project("{FAE04EC0-301F-11D3-BF4B-00C04F79EFBC}") = "BeachApplication.Shared", "src\BeachApplication.Shared\BeachApplication.Shared.csproj", "{F1C9B7E6-2F09-4CA1-898E-02F35BD85FC0}"
EndProject
Project("{FAE04EC0-301F-11D3-BF4B-00C04F79EFBC}") = "BeachApplication.StorageProviders", "src\BeachApplication.StorageProviders\BeachApplication.StorageProviders.csproj", "{029AEAEB-8C9C-4016-AED7-D7FAE2227EAC}"
EndProject
Project("{FAE04EC0-301F-11D3-BF4B-00C04F79EFBC}") = "BeachApplication.Clients", "src\BeachApplication.Clients\BeachApplication.Clients.csproj", "{1D2FE1BC-F7C5-4D3D-A0FE-AF051EEBC2C4}"
EndProject
Project("{FAE04EC0-301F-11D3-BF4B-00C04F79EFBC}") = "BeachApplication.Logging", "src\BeachApplication.Logging\BeachApplication.Logging.csproj", "{50CA13C8-8CD1-4BEC-943F-4D6B68E26037}"
EndProject
Project("{00D1A9C2-B5F0-4AF3-8072-F6C62B433612}") = "BeachApplication.Database", "src\BeachApplication.Database\BeachApplication.Database.sqlproj", "{F1CE5243-C917-4737-AF8D-4D6D834B27CC}"
EndProject
Global
	GlobalSection(SolutionConfigurationPlatforms) = preSolution
		Debug|Any CPU = Debug|Any CPU
		Release|Any CPU = Release|Any CPU
	EndGlobalSection
	GlobalSection(ProjectConfigurationPlatforms) = postSolution
		{40DCD31B-FC26-40AE-8573-52E4362239DB}.Debug|Any CPU.ActiveCfg = Debug|Any CPU
		{40DCD31B-FC26-40AE-8573-52E4362239DB}.Debug|Any CPU.Build.0 = Debug|Any CPU
		{40DCD31B-FC26-40AE-8573-52E4362239DB}.Release|Any CPU.ActiveCfg = Release|Any CPU
		{40DCD31B-FC26-40AE-8573-52E4362239DB}.Release|Any CPU.Build.0 = Release|Any CPU
		{6E971CE8-FE7A-4022-95FB-72D42A7BD5CA}.Debug|Any CPU.ActiveCfg = Debug|Any CPU
		{6E971CE8-FE7A-4022-95FB-72D42A7BD5CA}.Debug|Any CPU.Build.0 = Debug|Any CPU
		{6E971CE8-FE7A-4022-95FB-72D42A7BD5CA}.Release|Any CPU.ActiveCfg = Release|Any CPU
		{6E971CE8-FE7A-4022-95FB-72D42A7BD5CA}.Release|Any CPU.Build.0 = Release|Any CPU
		{C8E7B3AA-963E-4DE0-9377-8CE114CBCDC1}.Debug|Any CPU.ActiveCfg = Debug|Any CPU
		{C8E7B3AA-963E-4DE0-9377-8CE114CBCDC1}.Debug|Any CPU.Build.0 = Debug|Any CPU
		{C8E7B3AA-963E-4DE0-9377-8CE114CBCDC1}.Release|Any CPU.ActiveCfg = Release|Any CPU
		{C8E7B3AA-963E-4DE0-9377-8CE114CBCDC1}.Release|Any CPU.Build.0 = Release|Any CPU
		{DD585C7F-46D6-47ED-BF80-4A2B2660351A}.Debug|Any CPU.ActiveCfg = Debug|Any CPU
		{DD585C7F-46D6-47ED-BF80-4A2B2660351A}.Debug|Any CPU.Build.0 = Debug|Any CPU
		{DD585C7F-46D6-47ED-BF80-4A2B2660351A}.Release|Any CPU.ActiveCfg = Release|Any CPU
		{DD585C7F-46D6-47ED-BF80-4A2B2660351A}.Release|Any CPU.Build.0 = Release|Any CPU
		{E43D3453-FAA8-440E-8EA4-8D0D0CE1C0BD}.Debug|Any CPU.ActiveCfg = Debug|Any CPU
		{E43D3453-FAA8-440E-8EA4-8D0D0CE1C0BD}.Debug|Any CPU.Build.0 = Debug|Any CPU
		{E43D3453-FAA8-440E-8EA4-8D0D0CE1C0BD}.Release|Any CPU.ActiveCfg = Release|Any CPU
		{E43D3453-FAA8-440E-8EA4-8D0D0CE1C0BD}.Release|Any CPU.Build.0 = Release|Any CPU
		{F1C9B7E6-2F09-4CA1-898E-02F35BD85FC0}.Debug|Any CPU.ActiveCfg = Debug|Any CPU
		{F1C9B7E6-2F09-4CA1-898E-02F35BD85FC0}.Debug|Any CPU.Build.0 = Debug|Any CPU
		{F1C9B7E6-2F09-4CA1-898E-02F35BD85FC0}.Release|Any CPU.ActiveCfg = Release|Any CPU
		{F1C9B7E6-2F09-4CA1-898E-02F35BD85FC0}.Release|Any CPU.Build.0 = Release|Any CPU
		{029AEAEB-8C9C-4016-AED7-D7FAE2227EAC}.Debug|Any CPU.ActiveCfg = Debug|Any CPU
		{029AEAEB-8C9C-4016-AED7-D7FAE2227EAC}.Debug|Any CPU.Build.0 = Debug|Any CPU
		{029AEAEB-8C9C-4016-AED7-D7FAE2227EAC}.Release|Any CPU.ActiveCfg = Release|Any CPU
		{029AEAEB-8C9C-4016-AED7-D7FAE2227EAC}.Release|Any CPU.Build.0 = Release|Any CPU
		{1D2FE1BC-F7C5-4D3D-A0FE-AF051EEBC2C4}.Debug|Any CPU.ActiveCfg = Debug|Any CPU
		{1D2FE1BC-F7C5-4D3D-A0FE-AF051EEBC2C4}.Debug|Any CPU.Build.0 = Debug|Any CPU
		{1D2FE1BC-F7C5-4D3D-A0FE-AF051EEBC2C4}.Release|Any CPU.ActiveCfg = Release|Any CPU
		{1D2FE1BC-F7C5-4D3D-A0FE-AF051EEBC2C4}.Release|Any CPU.Build.0 = Release|Any CPU
		{50CA13C8-8CD1-4BEC-943F-4D6B68E26037}.Debug|Any CPU.ActiveCfg = Debug|Any CPU
		{50CA13C8-8CD1-4BEC-943F-4D6B68E26037}.Debug|Any CPU.Build.0 = Debug|Any CPU
		{50CA13C8-8CD1-4BEC-943F-4D6B68E26037}.Release|Any CPU.ActiveCfg = Release|Any CPU
		{50CA13C8-8CD1-4BEC-943F-4D6B68E26037}.Release|Any CPU.Build.0 = Release|Any CPU
		{F1CE5243-C917-4737-AF8D-4D6D834B27CC}.Debug|Any CPU.ActiveCfg = Debug|Any CPU
		{F1CE5243-C917-4737-AF8D-4D6D834B27CC}.Debug|Any CPU.Build.0 = Debug|Any CPU
		{F1CE5243-C917-4737-AF8D-4D6D834B27CC}.Debug|Any CPU.Deploy.0 = Debug|Any CPU
		{F1CE5243-C917-4737-AF8D-4D6D834B27CC}.Release|Any CPU.ActiveCfg = Release|Any CPU
		{F1CE5243-C917-4737-AF8D-4D6D834B27CC}.Release|Any CPU.Build.0 = Release|Any CPU
		{F1CE5243-C917-4737-AF8D-4D6D834B27CC}.Release|Any CPU.Deploy.0 = Release|Any CPU
	EndGlobalSection
	GlobalSection(SolutionProperties) = preSolution
		HideSolutionNode = FALSE
	EndGlobalSection
	GlobalSection(ExtensibilityGlobals) = postSolution
		SolutionGuid = {8F907E76-9C23-4CD8-8F9E-0D12823B9E49}
	EndGlobalSection
EndGlobal
