
Microsoft Visual Studio Solution File, Format Version 12.00
# Visual Studio Version 17
VisualStudioVersion = 17.3.32611.2
MinimumVisualStudioVersion = 10.0.40219.1
Project("{2150E333-8FDC-42A3-9474-1A3956D46DE8}") = "Backend", "Backend", "{824BE3C3-8070-417D-B84A-9AF3A9737F7E}"
EndProject
Project("{2150E333-8FDC-42A3-9474-1A3956D46DE8}") = "Desktop", "Desktop", "{32993B96-CBB1-4EB7-BE95-F52F64366D09}"
EndProject
Project("{2150E333-8FDC-42A3-9474-1A3956D46DE8}") = "Mobile", "Mobile", "{19745444-2F31-4970-8CEE-38754F9D8578}"
EndProject
Project("{2150E333-8FDC-42A3-9474-1A3956D46DE8}") = "Web", "Web", "{8451EDC8-86BD-4822-A9C2-E4B97F4E0BE6}"
EndProject
Project("{2150E333-8FDC-42A3-9474-1A3956D46DE8}") = "IdentityProvider", "IdentityProvider", "{8B17AED1-EE2B-4CB6-9309-B1134D887AE2}"
EndProject
Project("{9A19103F-16F7-4668-BE54-9A1E7A4F7556}") = "IdentityProvider", "Backend\IdentityProvider\IdentityProvider\IdentityProvider.csproj", "{8A1CCB38-C8CE-4A43-81D6-1703BD32A9A8}"
EndProject
Project("{9A19103F-16F7-4668-BE54-9A1E7A4F7556}") = "IdentityProvider.BusinessLayer", "Backend\IdentityProvider\IdentityProvider.BusinessLayer\IdentityProvider.BusinessLayer.csproj", "{9A6B3009-00DD-4E06-BBF8-53EFE6A7A110}"
EndProject
Project("{9A19103F-16F7-4668-BE54-9A1E7A4F7556}") = "IdentityProvider.Contracts", "Backend\IdentityProvider\IdentityProvider.Contracts\IdentityProvider.Contracts.csproj", "{64F30955-DF7E-4712-930D-0C17EAC1F86B}"
EndProject
Project("{9A19103F-16F7-4668-BE54-9A1E7A4F7556}") = "IdentityProvider.Authentication", "Backend\IdentityProvider\IdentityProvider.Authentication\IdentityProvider.Authentication.csproj", "{37B54BFD-BC63-46F8-B52D-17C086E83EAA}"
EndProject
Project("{9A19103F-16F7-4668-BE54-9A1E7A4F7556}") = "IdentityProvider.Shared", "Backend\IdentityProvider\IdentityProvider.Shared\IdentityProvider.Shared.csproj", "{864C6D6A-A4F1-4DA7-B3CB-CF69C6C6A447}"
EndProject
Project("{00D1A9C2-B5F0-4AF3-8072-F6C62B433612}") = "IdentityProvider.Database", "Backend\IdentityProvider\IdentityProvider.Database\IdentityProvider.Database.sqlproj", "{32B55658-CC31-4478-AC7C-FFB32C13B84F}"
EndProject
Project("{2150E333-8FDC-42A3-9474-1A3956D46DE8}") = "Beach", "Beach", "{54ACDC8E-5721-437D-95EE-83E631DCCF08}"
EndProject
Project("{2150E333-8FDC-42A3-9474-1A3956D46DE8}") = "Bar", "Bar", "{50070C0C-24B6-4E19-B823-20B03E726292}"
EndProject
Project("{9A19103F-16F7-4668-BE54-9A1E7A4F7556}") = "BeachManager", "Backend\Beach\BeachManager\BeachManager.csproj", "{757F05AA-F845-4232-9337-D493A670878F}"
EndProject
Project("{9A19103F-16F7-4668-BE54-9A1E7A4F7556}") = "BeachManager.DataAccessLayer", "Backend\Beach\BeachManager.DataAccessLayer\BeachManager.DataAccessLayer.csproj", "{D5B9F81F-A45D-49C2-A8FD-51EF8EA26390}"
EndProject
Project("{9A19103F-16F7-4668-BE54-9A1E7A4F7556}") = "BeachManager.BusinessLayer", "Backend\Beach\BeachManager.BusinessLayer\BeachManager.BusinessLayer.csproj", "{B97CA2DA-D131-4145-9A13-16F1C45929A8}"
EndProject
Project("{9A19103F-16F7-4668-BE54-9A1E7A4F7556}") = "BeachManager.Shared", "Backend\Beach\BeachManager.Shared\BeachManager.Shared.csproj", "{7E42A09B-7272-4238-8775-9B4345728591}"
EndProject
Project("{00D1A9C2-B5F0-4AF3-8072-F6C62B433612}") = "BeachManager.Database", "Backend\Beach\BeachManager.Database\BeachManager.Database.sqlproj", "{75DAF681-7FA2-48F0-922D-CB02C850FE48}"
EndProject
Project("{9A19103F-16F7-4668-BE54-9A1E7A4F7556}") = "BarManager", "Backend\Bar\BarManager\BarManager.csproj", "{1969CA3B-F717-40E4-8D6A-4FF8C227F169}"
EndProject
Project("{9A19103F-16F7-4668-BE54-9A1E7A4F7556}") = "BarManager.BusinessLayer", "Backend\Bar\BarManager.BusinessLayer\BarManager.BusinessLayer.csproj", "{D9A34441-436D-4D42-A1A7-C7C19AE02998}"
EndProject
Project("{9A19103F-16F7-4668-BE54-9A1E7A4F7556}") = "BarManager.Shared", "Backend\Bar\BarManager.Shared\BarManager.Shared.csproj", "{CD6407C1-E762-4C12-9A72-9084E771FF83}"
EndProject
Project("{9A19103F-16F7-4668-BE54-9A1E7A4F7556}") = "BarManager.DataAccessLayer", "Backend\Bar\BarManager.DataAccessLayer\BarManager.DataAccessLayer.csproj", "{71B99FC0-7892-4742-B700-EE927BE19E28}"
EndProject
Project("{00D1A9C2-B5F0-4AF3-8072-F6C62B433612}") = "BarManager.Database", "Backend\Bar\BarManager.Database\BarManager.Database.sqlproj", "{DEB170C2-1E68-439B-A2DF-E582F3397F86}"
EndProject
Project("{2150E333-8FDC-42A3-9474-1A3956D46DE8}") = "Application", "Application", "{084A2BB6-713B-4307-B0A5-A7BE7D7E675D}"
EndProject
Project("{9A19103F-16F7-4668-BE54-9A1E7A4F7556}") = "BeachManager.WeatherClient", "Backend\Beach\BeachManager.WeatherClient\BeachManager.WeatherClient.csproj", "{7B831671-F41B-407A-BC28-AC8331ABCBCD}"
EndProject
Project("{9A19103F-16F7-4668-BE54-9A1E7A4F7556}") = "BeachApplicationDesktop", "Application\Desktop\BeachApplicationDesktop.csproj", "{83FAAA20-6C19-49C9-A824-61F53307EE12}"
EndProject
Project("{FAE04EC0-301F-11D3-BF4B-00C04F79EFBC}") = "BeachWebApplication", "Application\Web\BeachWebApplication\BeachWebApplication.csproj", "{DB39A0B7-2E76-4306-AE78-9AD7200087C3}"
EndProject
Global
	GlobalSection(SolutionConfigurationPlatforms) = preSolution
		Debug|Any CPU = Debug|Any CPU
		Release|Any CPU = Release|Any CPU
	EndGlobalSection
	GlobalSection(ProjectConfigurationPlatforms) = postSolution
		{8A1CCB38-C8CE-4A43-81D6-1703BD32A9A8}.Debug|Any CPU.ActiveCfg = Debug|Any CPU
		{8A1CCB38-C8CE-4A43-81D6-1703BD32A9A8}.Debug|Any CPU.Build.0 = Debug|Any CPU
		{8A1CCB38-C8CE-4A43-81D6-1703BD32A9A8}.Release|Any CPU.ActiveCfg = Release|Any CPU
		{8A1CCB38-C8CE-4A43-81D6-1703BD32A9A8}.Release|Any CPU.Build.0 = Release|Any CPU
		{9A6B3009-00DD-4E06-BBF8-53EFE6A7A110}.Debug|Any CPU.ActiveCfg = Debug|Any CPU
		{9A6B3009-00DD-4E06-BBF8-53EFE6A7A110}.Debug|Any CPU.Build.0 = Debug|Any CPU
		{9A6B3009-00DD-4E06-BBF8-53EFE6A7A110}.Release|Any CPU.ActiveCfg = Release|Any CPU
		{9A6B3009-00DD-4E06-BBF8-53EFE6A7A110}.Release|Any CPU.Build.0 = Release|Any CPU
		{64F30955-DF7E-4712-930D-0C17EAC1F86B}.Debug|Any CPU.ActiveCfg = Debug|Any CPU
		{64F30955-DF7E-4712-930D-0C17EAC1F86B}.Debug|Any CPU.Build.0 = Debug|Any CPU
		{64F30955-DF7E-4712-930D-0C17EAC1F86B}.Release|Any CPU.ActiveCfg = Release|Any CPU
		{64F30955-DF7E-4712-930D-0C17EAC1F86B}.Release|Any CPU.Build.0 = Release|Any CPU
		{37B54BFD-BC63-46F8-B52D-17C086E83EAA}.Debug|Any CPU.ActiveCfg = Debug|Any CPU
		{37B54BFD-BC63-46F8-B52D-17C086E83EAA}.Debug|Any CPU.Build.0 = Debug|Any CPU
		{37B54BFD-BC63-46F8-B52D-17C086E83EAA}.Release|Any CPU.ActiveCfg = Release|Any CPU
		{37B54BFD-BC63-46F8-B52D-17C086E83EAA}.Release|Any CPU.Build.0 = Release|Any CPU
		{864C6D6A-A4F1-4DA7-B3CB-CF69C6C6A447}.Debug|Any CPU.ActiveCfg = Debug|Any CPU
		{864C6D6A-A4F1-4DA7-B3CB-CF69C6C6A447}.Debug|Any CPU.Build.0 = Debug|Any CPU
		{864C6D6A-A4F1-4DA7-B3CB-CF69C6C6A447}.Release|Any CPU.ActiveCfg = Release|Any CPU
		{864C6D6A-A4F1-4DA7-B3CB-CF69C6C6A447}.Release|Any CPU.Build.0 = Release|Any CPU
		{32B55658-CC31-4478-AC7C-FFB32C13B84F}.Debug|Any CPU.ActiveCfg = Debug|Any CPU
		{32B55658-CC31-4478-AC7C-FFB32C13B84F}.Debug|Any CPU.Build.0 = Debug|Any CPU
		{32B55658-CC31-4478-AC7C-FFB32C13B84F}.Debug|Any CPU.Deploy.0 = Debug|Any CPU
		{32B55658-CC31-4478-AC7C-FFB32C13B84F}.Release|Any CPU.ActiveCfg = Release|Any CPU
		{32B55658-CC31-4478-AC7C-FFB32C13B84F}.Release|Any CPU.Build.0 = Release|Any CPU
		{32B55658-CC31-4478-AC7C-FFB32C13B84F}.Release|Any CPU.Deploy.0 = Release|Any CPU
		{757F05AA-F845-4232-9337-D493A670878F}.Debug|Any CPU.ActiveCfg = Debug|Any CPU
		{757F05AA-F845-4232-9337-D493A670878F}.Debug|Any CPU.Build.0 = Debug|Any CPU
		{757F05AA-F845-4232-9337-D493A670878F}.Release|Any CPU.ActiveCfg = Release|Any CPU
		{757F05AA-F845-4232-9337-D493A670878F}.Release|Any CPU.Build.0 = Release|Any CPU
		{D5B9F81F-A45D-49C2-A8FD-51EF8EA26390}.Debug|Any CPU.ActiveCfg = Debug|Any CPU
		{D5B9F81F-A45D-49C2-A8FD-51EF8EA26390}.Debug|Any CPU.Build.0 = Debug|Any CPU
		{D5B9F81F-A45D-49C2-A8FD-51EF8EA26390}.Release|Any CPU.ActiveCfg = Release|Any CPU
		{D5B9F81F-A45D-49C2-A8FD-51EF8EA26390}.Release|Any CPU.Build.0 = Release|Any CPU
		{B97CA2DA-D131-4145-9A13-16F1C45929A8}.Debug|Any CPU.ActiveCfg = Debug|Any CPU
		{B97CA2DA-D131-4145-9A13-16F1C45929A8}.Debug|Any CPU.Build.0 = Debug|Any CPU
		{B97CA2DA-D131-4145-9A13-16F1C45929A8}.Release|Any CPU.ActiveCfg = Release|Any CPU
		{B97CA2DA-D131-4145-9A13-16F1C45929A8}.Release|Any CPU.Build.0 = Release|Any CPU
		{7E42A09B-7272-4238-8775-9B4345728591}.Debug|Any CPU.ActiveCfg = Debug|Any CPU
		{7E42A09B-7272-4238-8775-9B4345728591}.Debug|Any CPU.Build.0 = Debug|Any CPU
		{7E42A09B-7272-4238-8775-9B4345728591}.Release|Any CPU.ActiveCfg = Release|Any CPU
		{7E42A09B-7272-4238-8775-9B4345728591}.Release|Any CPU.Build.0 = Release|Any CPU
		{75DAF681-7FA2-48F0-922D-CB02C850FE48}.Debug|Any CPU.ActiveCfg = Debug|Any CPU
		{75DAF681-7FA2-48F0-922D-CB02C850FE48}.Debug|Any CPU.Build.0 = Debug|Any CPU
		{75DAF681-7FA2-48F0-922D-CB02C850FE48}.Debug|Any CPU.Deploy.0 = Debug|Any CPU
		{75DAF681-7FA2-48F0-922D-CB02C850FE48}.Release|Any CPU.ActiveCfg = Release|Any CPU
		{75DAF681-7FA2-48F0-922D-CB02C850FE48}.Release|Any CPU.Build.0 = Release|Any CPU
		{75DAF681-7FA2-48F0-922D-CB02C850FE48}.Release|Any CPU.Deploy.0 = Release|Any CPU
		{1969CA3B-F717-40E4-8D6A-4FF8C227F169}.Debug|Any CPU.ActiveCfg = Debug|Any CPU
		{1969CA3B-F717-40E4-8D6A-4FF8C227F169}.Debug|Any CPU.Build.0 = Debug|Any CPU
		{1969CA3B-F717-40E4-8D6A-4FF8C227F169}.Release|Any CPU.ActiveCfg = Release|Any CPU
		{1969CA3B-F717-40E4-8D6A-4FF8C227F169}.Release|Any CPU.Build.0 = Release|Any CPU
		{D9A34441-436D-4D42-A1A7-C7C19AE02998}.Debug|Any CPU.ActiveCfg = Debug|Any CPU
		{D9A34441-436D-4D42-A1A7-C7C19AE02998}.Debug|Any CPU.Build.0 = Debug|Any CPU
		{D9A34441-436D-4D42-A1A7-C7C19AE02998}.Release|Any CPU.ActiveCfg = Release|Any CPU
		{D9A34441-436D-4D42-A1A7-C7C19AE02998}.Release|Any CPU.Build.0 = Release|Any CPU
		{CD6407C1-E762-4C12-9A72-9084E771FF83}.Debug|Any CPU.ActiveCfg = Debug|Any CPU
		{CD6407C1-E762-4C12-9A72-9084E771FF83}.Debug|Any CPU.Build.0 = Debug|Any CPU
		{CD6407C1-E762-4C12-9A72-9084E771FF83}.Release|Any CPU.ActiveCfg = Release|Any CPU
		{CD6407C1-E762-4C12-9A72-9084E771FF83}.Release|Any CPU.Build.0 = Release|Any CPU
		{71B99FC0-7892-4742-B700-EE927BE19E28}.Debug|Any CPU.ActiveCfg = Debug|Any CPU
		{71B99FC0-7892-4742-B700-EE927BE19E28}.Debug|Any CPU.Build.0 = Debug|Any CPU
		{71B99FC0-7892-4742-B700-EE927BE19E28}.Release|Any CPU.ActiveCfg = Release|Any CPU
		{71B99FC0-7892-4742-B700-EE927BE19E28}.Release|Any CPU.Build.0 = Release|Any CPU
		{DEB170C2-1E68-439B-A2DF-E582F3397F86}.Debug|Any CPU.ActiveCfg = Debug|Any CPU
		{DEB170C2-1E68-439B-A2DF-E582F3397F86}.Debug|Any CPU.Build.0 = Debug|Any CPU
		{DEB170C2-1E68-439B-A2DF-E582F3397F86}.Debug|Any CPU.Deploy.0 = Debug|Any CPU
		{DEB170C2-1E68-439B-A2DF-E582F3397F86}.Release|Any CPU.ActiveCfg = Release|Any CPU
		{DEB170C2-1E68-439B-A2DF-E582F3397F86}.Release|Any CPU.Build.0 = Release|Any CPU
		{DEB170C2-1E68-439B-A2DF-E582F3397F86}.Release|Any CPU.Deploy.0 = Release|Any CPU
		{7B831671-F41B-407A-BC28-AC8331ABCBCD}.Debug|Any CPU.ActiveCfg = Debug|Any CPU
		{7B831671-F41B-407A-BC28-AC8331ABCBCD}.Debug|Any CPU.Build.0 = Debug|Any CPU
		{7B831671-F41B-407A-BC28-AC8331ABCBCD}.Release|Any CPU.ActiveCfg = Release|Any CPU
		{7B831671-F41B-407A-BC28-AC8331ABCBCD}.Release|Any CPU.Build.0 = Release|Any CPU
		{83FAAA20-6C19-49C9-A824-61F53307EE12}.Debug|Any CPU.ActiveCfg = Debug|Any CPU
		{83FAAA20-6C19-49C9-A824-61F53307EE12}.Debug|Any CPU.Build.0 = Debug|Any CPU
		{83FAAA20-6C19-49C9-A824-61F53307EE12}.Release|Any CPU.ActiveCfg = Release|Any CPU
		{83FAAA20-6C19-49C9-A824-61F53307EE12}.Release|Any CPU.Build.0 = Release|Any CPU
		{DB39A0B7-2E76-4306-AE78-9AD7200087C3}.Debug|Any CPU.ActiveCfg = Debug|Any CPU
		{DB39A0B7-2E76-4306-AE78-9AD7200087C3}.Debug|Any CPU.Build.0 = Debug|Any CPU
		{DB39A0B7-2E76-4306-AE78-9AD7200087C3}.Release|Any CPU.ActiveCfg = Release|Any CPU
		{DB39A0B7-2E76-4306-AE78-9AD7200087C3}.Release|Any CPU.Build.0 = Release|Any CPU
	EndGlobalSection
	GlobalSection(SolutionProperties) = preSolution
		HideSolutionNode = FALSE
	EndGlobalSection
	GlobalSection(NestedProjects) = preSolution
		{32993B96-CBB1-4EB7-BE95-F52F64366D09} = {084A2BB6-713B-4307-B0A5-A7BE7D7E675D}
		{19745444-2F31-4970-8CEE-38754F9D8578} = {084A2BB6-713B-4307-B0A5-A7BE7D7E675D}
		{8451EDC8-86BD-4822-A9C2-E4B97F4E0BE6} = {084A2BB6-713B-4307-B0A5-A7BE7D7E675D}
		{8B17AED1-EE2B-4CB6-9309-B1134D887AE2} = {824BE3C3-8070-417D-B84A-9AF3A9737F7E}
		{8A1CCB38-C8CE-4A43-81D6-1703BD32A9A8} = {8B17AED1-EE2B-4CB6-9309-B1134D887AE2}
		{9A6B3009-00DD-4E06-BBF8-53EFE6A7A110} = {8B17AED1-EE2B-4CB6-9309-B1134D887AE2}
		{64F30955-DF7E-4712-930D-0C17EAC1F86B} = {8B17AED1-EE2B-4CB6-9309-B1134D887AE2}
		{37B54BFD-BC63-46F8-B52D-17C086E83EAA} = {8B17AED1-EE2B-4CB6-9309-B1134D887AE2}
		{864C6D6A-A4F1-4DA7-B3CB-CF69C6C6A447} = {8B17AED1-EE2B-4CB6-9309-B1134D887AE2}
		{32B55658-CC31-4478-AC7C-FFB32C13B84F} = {8B17AED1-EE2B-4CB6-9309-B1134D887AE2}
		{54ACDC8E-5721-437D-95EE-83E631DCCF08} = {824BE3C3-8070-417D-B84A-9AF3A9737F7E}
		{50070C0C-24B6-4E19-B823-20B03E726292} = {824BE3C3-8070-417D-B84A-9AF3A9737F7E}
		{757F05AA-F845-4232-9337-D493A670878F} = {54ACDC8E-5721-437D-95EE-83E631DCCF08}
		{D5B9F81F-A45D-49C2-A8FD-51EF8EA26390} = {54ACDC8E-5721-437D-95EE-83E631DCCF08}
		{B97CA2DA-D131-4145-9A13-16F1C45929A8} = {54ACDC8E-5721-437D-95EE-83E631DCCF08}
		{7E42A09B-7272-4238-8775-9B4345728591} = {54ACDC8E-5721-437D-95EE-83E631DCCF08}
		{75DAF681-7FA2-48F0-922D-CB02C850FE48} = {54ACDC8E-5721-437D-95EE-83E631DCCF08}
		{1969CA3B-F717-40E4-8D6A-4FF8C227F169} = {50070C0C-24B6-4E19-B823-20B03E726292}
		{D9A34441-436D-4D42-A1A7-C7C19AE02998} = {50070C0C-24B6-4E19-B823-20B03E726292}
		{CD6407C1-E762-4C12-9A72-9084E771FF83} = {50070C0C-24B6-4E19-B823-20B03E726292}
		{71B99FC0-7892-4742-B700-EE927BE19E28} = {50070C0C-24B6-4E19-B823-20B03E726292}
		{DEB170C2-1E68-439B-A2DF-E582F3397F86} = {50070C0C-24B6-4E19-B823-20B03E726292}
		{7B831671-F41B-407A-BC28-AC8331ABCBCD} = {54ACDC8E-5721-437D-95EE-83E631DCCF08}
		{83FAAA20-6C19-49C9-A824-61F53307EE12} = {32993B96-CBB1-4EB7-BE95-F52F64366D09}
		{DB39A0B7-2E76-4306-AE78-9AD7200087C3} = {8451EDC8-86BD-4822-A9C2-E4B97F4E0BE6}
	EndGlobalSection
	GlobalSection(ExtensibilityGlobals) = postSolution
		SolutionGuid = {71562CBE-CBC2-4A9C-8643-036F05571C4B}
	EndGlobalSection
EndGlobal
